{
  "nodes": {
    "agate": {
      "inputs": {
        "nixpkgs": [
          "nixpkgs"
        ]
      },
      "locked": {
        "lastModified": 1782977808,
        "narHash": "sha256-bizPRjR71Gy3KHkhwujoBVOgmvX6r3z9xYYu1X6kWOY=",
        "owner": "frostplexx",
        "repo": "agate-wm",
        "rev": "55551ad77029c587418bf8a32d6630dff4efabb4",
        "type": "github"
      },
      "original": {
        "owner": "frostplexx",
        "repo": "agate-wm",
        "type": "github"
      }
    },
    "archive-linear-issue": {
      "flake": false,
      "locked": {
        "lastModified": 1779781571,
        "narHash": "sha256-d52MtXY92OwPq8Mkv3cCV/hv/NbaK2SCoaU5HiVe+tw=",
        "owner": "ddikman",
        "repo": "archive-linear-issue",
        "rev": "2e76afdf696767bc0c3bdde91af0ec28bdcff3cb",
        "type": "github"
      },
      "original": {
        "owner": "ddikman",
        "repo": "archive-linear-issue",
        "type": "github"
      }
    },
    "bdwgc": {
      "flake": false,
      "locked": {
        "lastModified": 1790015987,
        "narHash": "sha256-bPVosUgucJR0hGSap3tJW84AR6eGYegVROV+O8VYX5A=",
        "owner": "DeterminateSystems",
        "repo": "bdwgc",
        "rev": "373957929b9ca3b2ae69a3e16b830c44c15b42ca",
        "type": "github"
      },
      "original": {
        "owner": "DeterminateSystems",
        "ref": "user-defined-stacks",
        "repo": "bdwgc",
        "type": "github"
      }
    },
    "caelestia-cli": {
      "inputs": {
        "caelestia-shell": [
          "caelestia-shell"
        ],
        "nixpkgs": [
          "caelestia-shell",
          "nixpkgs"
        ]
      },
      "locked": {
        "lastModified": 1790397057,
        "narHash": "sha256-vlub2V4edRngqU8yO44o7gi92j3jQXCcK+FtV7JROAg=",
        "owner": "caelestia-dots",
        "repo": "cli",
        "rev": "bf37620d8ff4d99bbb244e592206d27d7bbe2d1f",
        "type": "github"
      },
      "original": {
        "owner": "caelestia-dots",
        "repo": "cli",
        "type": "github"
      }
    },
    "caelestia-shell": {
      "inputs": {
        "caelestia-cli": "caelestia-cli",
        "m3shapes": "m3shapes",
        "nixpkgs": "nixpkgs",
        "quickshell": "quickshell"
      },
      "locked": {
        "lastModified": 1790479591,
        "narHash": "sha256-rYgmGwVz14bV7aK+nawtAj2mGkLRBmVYyLCIrWsU7fc=",
        "owner": "caelestia-dots",
        "repo": "shell",
        "rev": "454f46da16ae75cc57f34adf48dea74db0fa5175",
        "type": "github"
      },
      "original": {
        "owner": "caelestia-dots",
        "repo": "shell",
        "type": "github"
      }
    },
    "catppuccin": {
      "inputs": {
        "nixpkgs": [
          "nixpkgs"
        ]
      },
      "locked": {
        "lastModified": 1789553013,
        "narHash": "sha256-W5dvgFOuVs24X3G5tUb8C2IHU7ICXNvyGPiWWFjfbuo=",
        "owner": "catppuccin",
        "repo": "nix",
        "rev": "89b3eacf59d6b5eefbc2d69c3a4eb5aaf66d63bc",
        "type": "github"
      },
      "original": {
        "owner": "catppuccin",
        "repo": "nix",
        "type": "github"
      }
    },
    "catppuccin-wallpapers": {
      "flake": false,
      "locked": {
        "lastModified": 1762937381,
        "narHash": "sha256-N+MZHSRcwOldS5Ai8B3YfKquKs9oeUW/GkV1iKM5+i8=",
        "owner": "orangci",
        "repo": "walls-catppuccin-mocha",
        "rev": "7bfdf10d16ad3a689f9f0cf3a0930da3d1a245a8",
        "type": "github"
      },
      "original": {
        "owner": "orangci",
        "repo": "walls-catppuccin-mocha",
        "type": "github"
      }
    },
    "claude-code": {
      "inputs": {
        "nixpkgs": [
          "nixpkgs"
        ],
        "systems": "systems"
      },
      "locked": {
        "lastModified": 1790974898,
        "narHash": "sha256-hlXNVCDT7ek84budcUCXznMks5AdJOAY6a7yyeWof18=",
        "owner": "sadjow",
        "repo": "claude-code-nix",
        "rev": "82c2606e9fb92836f7f98443b8a0bbbbf4090099",
        "type": "github"
      },
      "original": {
        "owner": "sadjow",
        "ref": "latest",
        "repo": "claude-code-nix",
        "type": "github"
      }
    },
    "darwin": {
      "inputs": {
        "nixpkgs": [
          "nixpkgs"
        ]
      },
      "locked": {
        "lastModified": 1786845137,
        "narHash": "sha256-oQFip+v0luP8NIxJzmiW4Wu8bILsbFWom5l0zonl8hQ=",
        "rev": "4cff07de74b50e64bdd68cd4e722ab5b6b35ee48",
        "revCount": 2406,
        "type": "tarball",
        "url": "https://api.flakehub.com/f/pinned/nix-darwin/nix-darwin/0.1.2406%2Brev-4cff07de74b50e64bdd68cd4e722ab5b6b35ee48/01a00885-93b1-7882-80a4-71d83ce85819/source.tar.gz"
      },
      "original": {
        "type": "tarball",
        "url": "https://flakehub.com/f/nix-darwin/nix-darwin/0.1.tar.gz"
      }
    },
    "determinate": {
      "inputs": {
        "determinate-nixd-aarch64-darwin": "determinate-nixd-aarch64-darwin",
        "determinate-nixd-aarch64-linux": "determinate-nixd-aarch64-linux",
        "determinate-nixd-x86_64-linux": "determinate-nixd-x86_64-linux",
        "nix": "nix",
        "nixpkgs": "nixpkgs_3"
      },
      "locked": {
        "lastModified": 1790881202,
        "narHash": "sha256-aCop8S9239RsGBJSuDF0JI1ErrI98amwYB1mCQEeKwk=",
        "rev": "68e51a34285ceb664e74d078bcd46a15f984dfe4",
        "revCount": 439,
        "type": "tarball",
        "url": "https://api.flakehub.com/f/pinned/DeterminateSystems/determinate/0.1.439%2Brev-68e51a34285ceb664e74d078bcd46a15f984dfe4/01a0f8d9-aa11-7cf2-bf13-a24c384d1299/source.tar.gz"
      },
      "original": {
        "type": "tarball",
        "url": "https://flakehub.com/f/DeterminateSystems/determinate/0.1"
      }
    },
    "determinate-nixd-aarch64-darwin": {
      "flake": false,
      "locked": {
        "narHash": "sha256-c6tUs06EeKcTCpBn8QjUO66JUbdwn+nC6kWKR+8Mako=",
        "type": "file",
        "url": "https://install.determinate.systems/determinate-nixd/tag/v3.23.0/macOS"
      },
      "original": {
        "type": "file",
        "url": "https://install.determinate.systems/determinate-nixd/tag/v3.23.0/macOS"
      }
    },
    "determinate-nixd-aarch64-linux": {
      "flake": false,
      "locked": {
        "narHash": "sha256-o93Pjfqh3/A0bgAFi2BWEMKs6uU/98gmW5zVTLDkLU4=",
        "type": "file",
        "url": "https://install.determinate.systems/determinate-nixd/tag/v3.23.0/aarch64-linux"
      },
      "original": {
        "type": "file",
        "url": "https://install.determinate.systems/determinate-nixd/tag/v3.23.0/aarch64-linux"
      }
    },
    "determinate-nixd-x86_64-linux": {
      "flake": false,
      "locked": {
        "narHash": "sha256-UYBRo5g1XZQr0DFNE6C+OVgnK5/PK2p7YaQ2dU2VLN8=",
        "type": "file",
        "url": "https://install.determinate.systems/determinate-nixd/tag/v3.23.0/x86_64-linux"
      },
      "original": {
        "type": "file",
        "url": "https://install.determinate.systems/determinate-nixd/tag/v3.23.0/x86_64-linux"
      }
    },
    "fish-completion-sync": {
      "flake": false,
      "locked": {
        "lastModified": 1690910715,
        "narHash": "sha256-wmtMUVi/NmbvJtrPbORPhAwXgnILvm4rjOtjl98GcWA=",
        "owner": "pfgray",
        "repo": "fish-completion-sync",
        "rev": "f75ed04e98b3b39af1d3ce6256ca5232305565d8",
        "type": "github"
      },
      "original": {
        "owner": "pfgray",
        "repo": "fish-completion-sync",
        "type": "github"
      }
    },
    "flake-compat": {
      "flake": false,
      "locked": {
        "lastModified": 1767039857,
        "narHash": "sha256-vNpUSpF5Nuw8xvDLj2KCwwksIbjua2LZCqhV1LNRDns=",
        "owner": "NixOS",
        "repo": "flake-compat",
        "rev": "5edf11c44bc78a0d334f6334cdaf7d60d732daab",
        "type": "github"
      },
      "original": {
        "owner": "NixOS",
        "repo": "flake-compat",
        "type": "github"
      }
    },
    "flake-compat_2": {
      "flake": false,
      "locked": {
        "lastModified": 1767039857,
        "narHash": "sha256-vNpUSpF5Nuw8xvDLj2KCwwksIbjua2LZCqhV1LNRDns=",
        "owner": "NixOS",
        "repo": "flake-compat",
        "rev": "5edf11c44bc78a0d334f6334cdaf7d60d732daab",
        "type": "github"
      },
      "original": {
        "owner": "NixOS",
        "repo": "flake-compat",
        "type": "github"
      }
    },
    "flake-compat_3": {
      "flake": false,
      "locked": {
        "lastModified": 1777699697,
        "narHash": "sha256-Eg9b/rq/ECYwNwEXs5i9wHyhxNI0JrYx2srdI2uZMaQ=",
        "ref": "refs/heads/main",
        "rev": "382052b74656a369c5408822af3f2501e9b1af81",
        "revCount": 94,
        "type": "git",
        "url": "https://git.lix.systems/lix-project/flake-compat.git"
      },
      "original": {
        "type": "git",
        "url": "https://git.lix.systems/lix-project/flake-compat.git"
      }
    },
    "flake-parts": {
      "inputs": {
        "nixpkgs-lib": [
          "determinate",
          "nix",
          "nixpkgs"
        ]
      },
      "locked": {
        "lastModified": 1782949081,
        "narHash": "sha256-vp6Y/Grm98ESt6ceOkWiHWyZRDV3J1RID4w+6NWK9yA=",
        "rev": "17c9d6cdfc60c64f4ee8d306f9bc0b4ccb51481e",
        "revCount": 480,
        "type": "tarball",
        "url": "https://api.flakehub.com/f/pinned/hercules-ci/flake-parts/0.1.480%2Brev-17c9d6cdfc60c64f4ee8d306f9bc0b4ccb51481e/019f2195-dee5-7233-9747-eca0c27f7406/source.tar.gz"
      },
      "original": {
        "type": "tarball",
        "url": "https://flakehub.com/f/hercules-ci/flake-parts/0.1"
      }
    },
    "flake-parts_2": {
      "inputs": {
        "nixpkgs-lib": [
          "nixpkgs"
        ]
      },
      "locked": {
        "lastModified": 1790898470,
        "narHash": "sha256-zTwuwezD0w3hpga6a6P8emidzAZFyWqlNeRBlpWOOl8=",
        "owner": "hercules-ci",
        "repo": "flake-parts",
        "rev": "024633cd702b10285db5cb19b40ad48d2399ba60",
        "type": "github"
      },
      "original": {
        "owner": "hercules-ci",
        "repo": "flake-parts",
        "type": "github"
      }
    },
    "flake-parts_3": {
      "inputs": {
        "nixpkgs-lib": "nixpkgs-lib"
      },
      "locked": {
        "lastModified": 1788450739,
        "narHash": "sha256-glZLQlzIn1fXH6PazR2iUmTo7kzzyYSshrWhLS9TqCU=",
        "owner": "hercules-ci",
        "repo": "flake-parts",
        "rev": "31729ca8cbdb4fa927b34e5f4353e6a83f39e993",
        "type": "github"
      },
      "original": {
        "owner": "hercules-ci",
        "repo": "flake-parts",
        "type": "github"
      }
    },
    "flake-parts_4": {
      "inputs": {
        "nixpkgs-lib": "nixpkgs-lib_2"
      },
      "locked": {
        "lastModified": 1790898470,
        "narHash": "sha256-zTwuwezD0w3hpga6a6P8emidzAZFyWqlNeRBlpWOOl8=",
        "owner": "hercules-ci",
        "repo": "flake-parts",
        "rev": "024633cd702b10285db5cb19b40ad48d2399ba60",
        "type": "github"
      },
      "original": {
        "owner": "hercules-ci",
        "repo": "flake-parts",
        "type": "github"
      }
    },
    "git-hooks-nix": {
      "inputs": {
        "flake-compat": "flake-compat",
        "nixpkgs": [
          "determinate",
          "nix",
          "nixpkgs"
        ]
      },
      "locked": {
        "lastModified": 1784288435,
        "narHash": "sha256-ReRHaLgr/uVqdD8afFSn+myXIfpHeOhP0yYe0TJqAA8=",
        "rev": "43b3c1ab9d40fb1dbb008f451988a91e375825e9",
        "revCount": 1231,
        "type": "tarball",
        "url": "https://api.flakehub.com/f/pinned/cachix/git-hooks.nix/0.1.1231%2Brev-43b3c1ab9d40fb1dbb008f451988a91e375825e9/019f7135-8fdf-76f0-b1a1-d2c67e91af8d/source.tar.gz"
      },
      "original": {
        "type": "tarball",
        "url": "https://flakehub.com/f/cachix/git-hooks.nix/0.1.941"
      }
    },
    "home-manager": {
      "inputs": {
        "nixpkgs": [
          "nixpkgs"
        ]
      },
      "locked": {
        "lastModified": 1790989254,
        "narHash": "sha256-ZN+riaeFuE+DZ5zfqJiXlM12jLwZzeIXiNkU1YeHMXI=",
        "rev": "acd21c5a3420a9d5fd0ed06299b10828267ef9ba",
        "revCount": 7423,
        "type": "tarball",
        "url": "https://api.flakehub.com/f/pinned/nix-community/home-manager/0.1.7423%2Brev-acd21c5a3420a9d5fd0ed06299b10828267ef9ba/01a0ff5f-7cc5-76f1-98a8-0614c884b008/source.tar.gz"
      },
      "original": {
        "type": "tarball",
        "url": "https://flakehub.com/f/nix-community/home-manager/0.1.tar.gz"
      }
    },
    "home-manager_2": {
      "inputs": {
        "nixpkgs": [
          "nixcord",
          "nixpkgs"
        ]
      },
      "locked": {
        "lastModified": 1789267039,
        "narHash": "sha256-LWiBv9yAYFi2LPbUhDGHPGKYskJQjj2fw12OlyO1uQo=",
        "owner": "nix-community",
        "repo": "home-manager",
        "rev": "ec172013fa62135f58fb58dd17ae9651e8f39727",
        "type": "github"
      },
      "original": {
        "owner": "nix-community",
        "ref": "release-26.05",
        "repo": "home-manager",
        "type": "github"
      }
    },
    "hypr-kinetic-scroll": {
      "flake": false,
      "locked": {
        "lastModified": 1785254141,
        "narHash": "sha256-2RI9RSoXhri9tr9DAsB/Zen96DzKsj/wLRbQQKEZ1Yc=",
        "owner": "savonovv",
        "repo": "hypr-kinetic-scroll",
        "rev": "657a8a7cb1cc0a24a06e2dc0947df3e8f4e729ca",
        "type": "github"
      },
      "original": {
        "owner": "savonovv",
        "repo": "hypr-kinetic-scroll",
        "type": "github"
      }
    },
    "hyprlang": {
      "inputs": {
        "nixpkgs": [
          "rose-pine-hyprcursor",
          "nixpkgs"
        ],
        "systems": "systems_2"
      },
      "locked": {
        "lastModified": 1709914708,
        "narHash": "sha256-bR4o3mynoTa1Wi4ZTjbnsZ6iqVcPGriXp56bZh5UFTk=",
        "owner": "hyprwm",
        "repo": "hyprlang",
        "rev": "a685493fdbeec01ca8ccdf1f3655c044a8ce2fe2",
        "type": "github"
      },
      "original": {
        "owner": "hyprwm",
        "repo": "hyprlang",
        "type": "github"
      }
    },
    "import-tree": {
      "locked": {
        "lastModified": 1788467110,
        "narHash": "sha256-ljEMTXP/rH0tOvDzc9gzwww6KcHRPRnEHzd9lK48V7s=",
        "owner": "denful",
        "repo": "import-tree",
        "rev": "eb1b52eaecc57f7c136d07ae8a93e724dfecac46",
        "type": "github"
      },
      "original": {
        "owner": "denful",
        "repo": "import-tree",
        "type": "github"
      }
    },
    "m3shapes": {
      "inputs": {
        "nixpkgs": [
          "caelestia-shell",
          "nixpkgs"
        ]
      },
      "locked": {
        "lastModified": 1787906858,
        "narHash": "sha256-YZelgEZflFNwGutX4/tIzBdbOeghJgE2oDw0uWYGxns=",
        "owner": "soramanew",
        "repo": "m3shapes",
        "rev": "32ad9ce328bb77ed349b40a3be10ee9ea610b8ab",
        "type": "github"
      },
      "original": {
        "owner": "soramanew",
        "repo": "m3shapes",
        "rev": "32ad9ce328bb77ed349b40a3be10ee9ea610b8ab",
        "type": "github"
      }
    },
    "midnight-discord": {
      "flake": false,
      "locked": {
        "lastModified": 1788227032,
        "narHash": "sha256-T0IVLbZGwc/+vxSR8PwJt2EDmrECphDAl7dPw6B17QM=",
        "owner": "refact0r",
        "repo": "midnight-discord",
        "rev": "85dd67148cbbbfa027cb091e41a479a16ab16a65",
        "type": "github"
      },
      "original": {
        "owner": "refact0r",
        "repo": "midnight-discord",
        "type": "github"
      }
    },
    "mnw": {
      "locked": {
        "lastModified": 1784154424,
        "narHash": "sha256-HRn4O1X2ShYtbq5Egji72/aemyc2cIQicjRZD9hBqM8=",
        "owner": "Gerg-L",
        "repo": "mnw",
        "rev": "0151d9fa87992cbeb67c86616fb9170dcec830b6",
        "type": "github"
      },
      "original": {
        "owner": "Gerg-L",
        "repo": "mnw",
        "type": "github"
      }
    },
    "nix": {
      "inputs": {
        "bdwgc": "bdwgc",
        "flake-parts": "flake-parts",
        "git-hooks-nix": "git-hooks-nix",
        "nixpkgs": "nixpkgs_2",
        "nixpkgs-23-11": "nixpkgs-23-11",
        "nixpkgs-regression": "nixpkgs-regression"
      },
      "locked": {
        "lastModified": 1790875667,
        "narHash": "sha256-ldqXsv3UaPHCvvH0nlDvjNF7zM4wJmMjuyRy91/pVFM=",
        "rev": "8bb6b35147841a45b6dead93fc98339798d586f5",
        "revCount": 27572,
        "type": "tarball",
        "url": "https://api.flakehub.com/f/pinned/DeterminateSystems/nix-src/3.23.0/01a0f8be-adf7-7fa0-94ab-eaa73eddb9de/source.tar.gz"
      },
      "original": {
        "type": "tarball",
        "url": "https://flakehub.com/f/DeterminateSystems/nix-src/%2A"
      }
    },
    "nix-cachyos-kernel": {
      "inputs": {
        "flake-compat": "flake-compat_2",
        "flake-parts": "flake-parts_3",
        "nixpkgs": "nixpkgs_4"
      },
      "locked": {
        "lastModified": 1790564970,
        "narHash": "sha256-ANcKKTLB5oitjAYPp+iWts5clpbowVbDPVvt03P7Hes=",
        "owner": "xddxdd",
        "repo": "nix-cachyos-kernel",
        "rev": "b1332396df6e880d7e3b6b451c6a74132ce8cf66",
        "type": "github"
      },
      "original": {
        "owner": "xddxdd",
        "ref": "release",
        "repo": "nix-cachyos-kernel",
        "type": "github"
      }
    },
    "nix-darwin": {
      "inputs": {
        "nixpkgs": [
          "nixcord",
          "nixpkgs"
        ]
      },
      "locked": {
        "lastModified": 1783744694,
        "narHash": "sha256-2cp6N3rrwnGYLTx9l6N+NI+kwrCWxvJUbj5WJhvB29A=",
        "owner": "nix-darwin",
        "repo": "nix-darwin",
        "rev": "c3e90c89649b07d1a96e4b9dd6cd0d6e44b91a74",
        "type": "github"
      },
      "original": {
        "owner": "nix-darwin",
        "ref": "nix-darwin-26.05",
        "repo": "nix-darwin",
        "type": "github"
      }
    },
    "nix-flatpak": {
      "locked": {
        "lastModified": 1790428548,
        "narHash": "sha256-OsZ/I7v3ArCrk0XOUvkiU1dFtGtE1qZTHRGjvBXIKUU=",
        "owner": "gmodena",
        "repo": "nix-flatpak",
        "rev": "f1f045fc8b35ff59f88982c1752d3f3a42ca6a61",
        "type": "github"
      },
      "original": {
        "owner": "gmodena",
        "repo": "nix-flatpak",
        "type": "github"
      }
    },
    "nix-index-database": {
      "inputs": {
        "nixpkgs": [
          "nixpkgs"
        ]
      },
      "locked": {
        "lastModified": 1790499302,
        "narHash": "sha256-Gbf/U9ptJhQh0qnDnJ/+a8MAcq1HXunbArUTHR2wNYk=",
        "owner": "nix-community",
        "repo": "nix-index-database",
        "rev": "161d7c91accd93034bb3c295224d9d895a778573",
        "type": "github"
      },
      "original": {
        "owner": "nix-community",
        "repo": "nix-index-database",
        "type": "github"
      }
    },
    "nixcord": {
      "inputs": {
        "home-manager": "home-manager_2",
        "nix-darwin": "nix-darwin",
        "nixpkgs": "nixpkgs_5",
        "nixpkgs-nixcord": "nixpkgs-nixcord",
        "treefmt-nix": "treefmt-nix"
      },
      "locked": {
        "lastModified": 1790240135,
        "narHash": "sha256-2yBRAHXCVBAVsiL+QP2uMsxnnv9GbOG/014UwgXo2pU=",
        "owner": "4evy",
        "repo": "nixcord",
        "rev": "25816aa65e4f19d72a24a1785f3185b42a93b3c4",
        "type": "github"
      },
      "original": {
        "owner": "4evy",
        "repo": "nixcord",
        "type": "github"
      }
    },
    "nixkit": {
      "inputs": {
        "flake-parts": "flake-parts_4",
        "nixpkgs": "nixpkgs_6"
      },
      "locked": {
        "lastModified": 1790963325,
        "narHash": "sha256-ZZdCBVo71gYzjTq+x2xUfXuvXmSp1ogIBhPP9V0Zrao=",
        "rev": "953fd03be76dcdd9619badb694948f8c0c245546",
        "revCount": 466,
        "type": "tarball",
        "url": "https://api.flakehub.com/f/pinned/JHOFER-Cloud/frostplexx-nixkit/0.1.466%2Brev-953fd03be76dcdd9619badb694948f8c0c245546/01a10049-e5af-7411-a7fc-5f9ec7401705/source.tar.gz"
      },
      "original": {
        "type": "tarball",
        "url": "https://flakehub.com/f/JHOFER-Cloud/frostplexx-nixkit/0.1.tar.gz"
      }
    },
    "nixpkgs": {
      "locked": {
        "lastModified": 1790323409,
        "narHash": "sha256-VVTPf+Hyd5ebpjBMHmrLMSBIeW6ls48Bqtosj7CNKLA=",
        "owner": "nixos",
        "repo": "nixpkgs",
        "rev": "e94cb152ed51bd6e24eb4a41f1460252beb52cd2",
        "type": "github"
      },
      "original": {
        "owner": "nixos",
        "ref": "nixos-unstable",
        "repo": "nixpkgs",
        "type": "github"
      }
    },
    "nixpkgs-23-11": {
      "locked": {
        "lastModified": 1717159533,
        "narHash": "sha256-oamiKNfr2MS6yH64rUn99mIZjc45nGJlj9eGth/3Xuw=",
        "owner": "NixOS",
        "repo": "nixpkgs",
        "rev": "a62e6edd6d5e1fa0329b8653c801147986f8d446",
        "type": "github"
      },
      "original": {
        "owner": "NixOS",
        "repo": "nixpkgs",
        "rev": "a62e6edd6d5e1fa0329b8653c801147986f8d446",
        "type": "github"
      }
    },
    "nixpkgs-copilot-cli": {
      "locked": {
        "lastModified": 1777727970,
        "narHash": "sha256-+4t/6Npm2YODjEbsu3hWQ+eeKPSsVKEDgUEl7u8/8S8=",
        "owner": "NixOS",
        "repo": "nixpkgs",
        "rev": "3df3d1dbd49472b0cb5b921ef9f3cab8ee39f5f6",
        "type": "github"
      },
      "original": {
        "owner": "NixOS",
        "repo": "nixpkgs",
        "rev": "3df3d1dbd49472b0cb5b921ef9f3cab8ee39f5f6",
        "type": "github"
      }
    },
    "nixpkgs-lib": {
      "locked": {
        "lastModified": 1788057806,
        "narHash": "sha256-DTQSMxzDWmT0zhguthvegnVkn7CFqGCv4IHCzk5ZUpM=",
        "owner": "nix-community",
        "repo": "nixpkgs.lib",
        "rev": "596e2e3940e09b2abbeb03f75fa1828c57fcd72c",
        "type": "github"
      },
      "original": {
        "owner": "nix-community",
        "repo": "nixpkgs.lib",
        "type": "github"
      }
    },
    "nixpkgs-lib_2": {
      "locked": {
        "lastModified": 1790477367,
        "narHash": "sha256-oujbxmVKDhci2E4EM3KyAbRUgp5/IsCoiA/LfEF7OOk=",
        "owner": "nix-community",
        "repo": "nixpkgs.lib",
        "rev": "f7cd230690d9fc982d06129f9189b101fddcfa3b",
        "type": "github"
      },
      "original": {
        "owner": "nix-community",
        "repo": "nixpkgs.lib",
        "type": "github"
      }
    },
    "nixpkgs-nixcord": {
      "locked": {
        "lastModified": 1789459628,
        "narHash": "sha256-JOaadoI/IC9qEvwlnjwAhwdcWkCDqEeOJ+cOtUH/8RQ=",
        "owner": "NixOS",
        "repo": "nixpkgs",
        "rev": "b67c7a60c3732edd4b947a7df8af06215851a614",
        "type": "github"
      },
      "original": {
        "owner": "NixOS",
        "ref": "nixos-26.05",
        "repo": "nixpkgs",
        "type": "github"
      }
    },
    "nixpkgs-regression": {
      "locked": {
        "lastModified": 1643052045,
        "narHash": "sha256-uGJ0VXIhWKGXxkeNnq4TvV3CIOkUJ3PAoLZ3HMzNVMw=",
        "owner": "NixOS",
        "repo": "nixpkgs",
        "rev": "215d4d0fd80ca5163643b03a33fde804a29cc1e2",
        "type": "github"
      },
      "original": {
        "owner": "NixOS",
        "repo": "nixpkgs",
        "rev": "215d4d0fd80ca5163643b03a33fde804a29cc1e2",
        "type": "github"
      }
    },
    "nixpkgs_2": {
      "locked": {
        "lastModified": 1787962033,
        "narHash": "sha256-u6z9VTZA4Kf3RkHQo9sQI7NI4Ei/uiU9vrMqOiwWP1Y=",
        "rev": "c5c4a43b0e8056328ec4529f735cabdb8f1942bb",
        "revCount": 1012930,
        "type": "tarball",
        "url": "https://api.flakehub.com/f/pinned/NixOS/nixpkgs/0.2605.1012930%2Brev-c5c4a43b0e8056328ec4529f735cabdb8f1942bb/01a053c0-7061-7382-b001-102e9148a5b5/source.tar.gz"
      },
      "original": {
        "type": "tarball",
        "url": "https://flakehub.com/f/NixOS/nixpkgs/0.2605"
      }
    },
    "nixpkgs_3": {
      "locked": {
        "lastModified": 1789921291,
        "narHash": "sha256-Ft/BRnIqw1MywFoXydKobjjWmDFgDdYtSpJliE8+yUw=",
        "rev": "44a91898084f46797b5fac650c7e8c9ac38c43d4",
        "revCount": 1077143,
        "type": "tarball",
        "url": "https://api.flakehub.com/f/pinned/DeterminateSystems/nixpkgs-weekly/0.1.1077143%2Brev-44a91898084f46797b5fac650c7e8c9ac38c43d4/01a0ebad-51ce-7451-8dd8-3e80d608beae/source.tar.gz"
      },
      "original": {
        "type": "tarball",
        "url": "https://flakehub.com/f/DeterminateSystems/nixpkgs-weekly/0.1"
      }
    },
    "nixpkgs_4": {
      "locked": {
        "lastModified": 1790505892,
        "narHash": "sha256-/pAz2XfqHS//WRn2xRjoqes7Z92qZ0Q1gufZZ3PtuwA=",
        "owner": "NixOS",
        "repo": "nixpkgs",
        "rev": "545c226a9af7f59fba5c3873f7c6a65e014c8f5f",
        "type": "github"
      },
      "original": {
        "owner": "NixOS",
        "ref": "nixos-unstable-small",
        "repo": "nixpkgs",
        "type": "github"
      }
    },
    "nixpkgs_5": {
      "locked": {
        "lastModified": 1789459628,
        "narHash": "sha256-JOaadoI/IC9qEvwlnjwAhwdcWkCDqEeOJ+cOtUH/8RQ=",
        "owner": "NixOS",
        "repo": "nixpkgs",
        "rev": "b67c7a60c3732edd4b947a7df8af06215851a614",
        "type": "github"
      },
      "original": {
        "owner": "NixOS",
        "ref": "nixos-26.05",
        "repo": "nixpkgs",
        "type": "github"
      }
    },
    "nixpkgs_6": {
      "locked": {
        "lastModified": 1789546076,
        "narHash": "sha256-zVxLZiSnmaaPLwnhj7pwmqe3axBg/C6nG5JZsJMh2g4=",
        "owner": "nixos",
        "repo": "nixpkgs",
        "rev": "b1b875982b17dabde9b4a37f3e229e74913e6db3",
        "type": "github"
      },
      "original": {
        "owner": "nixos",
        "ref": "nixos-unstable",
        "repo": "nixpkgs",
        "type": "github"
      }
    },
    "nixpkgs_7": {
      "locked": {
        "lastModified": 1790238896,
        "narHash": "sha256-ym4BG18Pu2awiJIehla1Lo9xiB2QYRcCzW3SB74gEBY=",
        "rev": "34ca302a9572963c02e385c056be37c85ff51b77",
        "revCount": 1078969,
        "type": "tarball",
        "url": "https://api.flakehub.com/f/pinned/JHOFER-Cloud/NixOS-nixpkgs/0.1.1078969%2Brev-34ca302a9572963c02e385c056be37c85ff51b77/01a0d47c-49da-7571-8023-b8fffa63adf0/source.tar.gz"
      },
      "original": {
        "type": "tarball",
        "url": "https://flakehub.com/f/JHOFER-Cloud/NixOS-nixpkgs/0.1.tar.gz"
      }
    },
    "nixpkgs_fork": {
      "locked": {
        "lastModified": 1786970059,
        "narHash": "sha256-WislCq2AjNtSsHWlzb3Pa07ZAJ61C60N1krNTFwrmfc=",
        "owner": "ojsef39",
        "repo": "nixpkgs",
        "rev": "87ba13623e6079311ae1bfde27a5ed2c123ddbfc",
        "type": "github"
      },
      "original": {
        "owner": "ojsef39",
        "ref": "helm-schema-split-fork",
        "repo": "nixpkgs",
        "type": "github"
      }
    },
    "nvf": {
      "inputs": {
        "flake-compat": "flake-compat_3",
        "mnw": "mnw",
        "nixpkgs": [
          "nixpkgs"
        ]
      },
      "locked": {
        "lastModified": 1790797021,
        "narHash": "sha256-H2vA5yUaS58Wtdp46piMbRqSQe3Qn716i/oZPYoyhp8=",
        "owner": "notashelf",
        "repo": "nvf",
        "rev": "2477cb0a5f394df36ddc72867c2657225d93d157",
        "type": "github"
      },
      "original": {
        "owner": "notashelf",
        "repo": "nvf",
        "type": "github"
      }
    },
    "quickshell": {
      "inputs": {
        "nixpkgs": [
          "caelestia-shell",
          "nixpkgs"
        ]
      },
      "locked": {
        "lastModified": 1790343625,
        "narHash": "sha256-dLtjYGr1sTihGhsISR71LB17E6m0r18JhF+6BNAHy0M=",
        "ref": "refs/heads/master",
        "rev": "41651d7dcd62a9400eb6f4f8a8580efe00901efb",
        "revCount": 864,
        "type": "git",
        "url": "https://git.outfoxxed.me/outfoxxed/quickshell"
      },
      "original": {
        "type": "git",
        "url": "https://git.outfoxxed.me/outfoxxed/quickshell"
      }
    },
    "root": {
      "inputs": {
        "agate": "agate",
        "archive-linear-issue": "archive-linear-issue",
        "caelestia-shell": "caelestia-shell",
        "catppuccin": "catppuccin",
        "catppuccin-wallpapers": "catppuccin-wallpapers",
        "claude-code": "claude-code",
        "darwin": "darwin",
        "determinate": "determinate",
        "fish-completion-sync": "fish-completion-sync",
        "flake-parts": "flake-parts_2",
        "home-manager": "home-manager",
        "hypr-kinetic-scroll": "hypr-kinetic-scroll",
        "import-tree": "import-tree",
        "midnight-discord": "midnight-discord",
        "nix-cachyos-kernel": "nix-cachyos-kernel",
        "nix-flatpak": "nix-flatpak",
        "nix-index-database": "nix-index-database",
        "nixcord": "nixcord",
        "nixkit": "nixkit",
        "nixpkgs": "nixpkgs_7",
        "nixpkgs-copilot-cli": "nixpkgs-copilot-cli",
        "nixpkgs_fork": "nixpkgs_fork",
        "nvf": "nvf",
        "rose-pine-hyprcursor": "rose-pine-hyprcursor",
        "spicetify-nix": "spicetify-nix",
        "virtualhere": "virtualhere",
        "zen-browser": "zen-browser"
      }
    },
    "rose-pine-hyprcursor": {
      "inputs": {
        "hyprlang": "hyprlang",
        "nixpkgs": [
          "nixpkgs"
        ],
        "utils": "utils"
      },
      "locked": {
        "lastModified": 1748096947,
        "narHash": "sha256-ouuA8LVBXzrbYwPW2vNjh7fC9H2UBud/1tUiIM5vPvM=",
        "owner": "ndom91",
        "repo": "rose-pine-hyprcursor",
        "rev": "4b02963d0baf0bee18725cf7c5762b3b3c1392f1",
        "type": "github"
      },
      "original": {
        "owner": "ndom91",
        "repo": "rose-pine-hyprcursor",
        "type": "github"
      }
    },
    "spicetify-nix": {
      "inputs": {
        "nixpkgs": [
          "nixpkgs"
        ],
        "systems": "systems_4"
      },
      "locked": {
        "lastModified": 1790502898,
        "narHash": "sha256-eR6P8ZCyYqrdvuOANIOE78t4qqm6wSTBKLP/aW8nwJE=",
        "owner": "Gerg-L",
        "repo": "spicetify-nix",
        "rev": "d508ccfa23820d032589bd65345bf5b6d9ea842f",
        "type": "github"
      },
      "original": {
        "owner": "Gerg-L",
        "repo": "spicetify-nix",
        "type": "github"
      }
    },
    "systems": {
      "locked": {
        "lastModified": 1681028828,
        "narHash": "sha256-Vy1rq5AaRuLzOxct8nz4T6wlgyUR7zLU309k9mBC768=",
        "owner": "nix-systems",
        "repo": "default",
        "rev": "da67096a3b9bf56a91d16901293e51ba5b49a27e",
        "type": "github"
      },
      "original": {
        "owner": "nix-systems",
        "repo": "default",
        "type": "github"
      }
    },
    "systems_2": {
      "locked": {
        "lastModified": 1689347949,
        "narHash": "sha256-12tWmuL2zgBgZkdoB6qXZsgJEH9LR3oUgpaQq2RbI80=",
        "owner": "nix-systems",
        "repo": "default-linux",
        "rev": "31732fcf5e8fea42e59c2488ad31a0e651500f68",
        "type": "github"
      },
      "original": {
        "owner": "nix-systems",
        "repo": "default-linux",
        "type": "github"
      }
    },
    "systems_3": {
      "locked": {
        "lastModified": 1681028828,
        "narHash": "sha256-Vy1rq5AaRuLzOxct8nz4T6wlgyUR7zLU309k9mBC768=",
        "owner": "nix-systems",
        "repo": "default",
        "rev": "da67096a3b9bf56a91d16901293e51ba5b49a27e",
        "type": "github"
      },
      "original": {
        "owner": "nix-systems",
        "repo": "default",
        "type": "github"
      }
    },
    "systems_4": {
      "locked": {
        "lastModified": 1681028828,
        "narHash": "sha256-Vy1rq5AaRuLzOxct8nz4T6wlgyUR7zLU309k9mBC768=",
        "owner": "nix-systems",
        "repo": "default",
        "rev": "da67096a3b9bf56a91d16901293e51ba5b49a27e",
        "type": "github"
      },
      "original": {
        "owner": "nix-systems",
        "repo": "default",
        "type": "github"
      }
    },
    "treefmt-nix": {
      "inputs": {
        "nixpkgs": [
          "nixcord",
          "nixpkgs"
        ]
      },
      "locked": {
        "lastModified": 1786901030,
        "narHash": "sha256-WSFCsDSE5ffgD2MqzkM2CYjeFiKhRF/dJUN8uedb6YE=",
        "owner": "numtide",
        "repo": "treefmt-nix",
        "rev": "27b3b12a8e6375f28ebe122f07d230ca5459bbfa",
        "type": "github"
      },
      "original": {
        "owner": "numtide",
        "repo": "treefmt-nix",
        "type": "github"
      }
    },
    "utils": {
      "inputs": {
        "systems": "systems_3"
      },
      "locked": {
        "lastModified": 1710146030,
        "narHash": "sha256-SZ5L6eA7HJ/nmkzGG7/ISclqe6oZdOZTNoesiInkXPQ=",
        "owner": "numtide",
        "repo": "flake-utils",
        "rev": "b1d9ab70662946ef0850d488da1c9019f3a9752a",
        "type": "github"
      },
      "original": {
        "owner": "numtide",
        "repo": "flake-utils",
        "type": "github"
      }
    },
    "virtualhere": {
      "inputs": {
        "nixpkgs": [
          "nixpkgs"
        ]
      },
      "locked": {
        "lastModified": 1790828023,
        "narHash": "sha256-Ddg0bOS6KfpCGkBhCTinPh06LsPwVT/gEd0HAGpu9Qg=",
        "owner": "BatteredBunny",
        "repo": "virtualhere-nixos",
        "rev": "b00a463bdfadacd72af64f9d510f23cbbc014ed7",
        "type": "github"
      },
      "original": {
        "owner": "BatteredBunny",
        "repo": "virtualhere-nixos",
        "type": "github"
      }
    },
    "zen-browser": {
      "inputs": {
        "home-manager": [
          "home-manager"
        ],
        "nixpkgs": [
          "nixpkgs"
        ]
      },
      "locked": {
        "lastModified": 1791022445,
        "narHash": "sha256-jr7YVkvOYS+bJjzBwoqtN8b8inJN8UDWziWufAWH1SY=",
        "owner": "0xc000022070",
        "repo": "zen-browser-flake",
        "rev": "e56900732d1fa6f360db502451a457ffe3ca1e6e",
        "type": "github"
      },
      "original": {
        "owner": "0xc000022070",
        "repo": "zen-browser-flake",
        "type": "github"
      }
    }
  },
  "root": "root",
  "version": 7
}
